{
  "originHash" : "143a218f5878a1f75992c08e8ce8393da3ffc3e06827a07500524921b88ffb14",
  "pins" : [
    {
      "identity" : "alamofire",
      "kind" : "remoteSourceControl",
      "location" : "https://github.com/Alamofire/Alamofire.git",
      "state" : {
        "revision" : "723fa5a6c65812aec4a0d7cc432ee198883b6e00",
        "version" : "5.9.0"
      }
    },
    {
      "identity" : "richerror",
      "kind" : "remoteSourceControl",
      "location" : "https://github.com/bradwindy/RichError.git",
      "state" : {
        "revision" : "fe5ecadfe236edf593e22bdaa35d8887480ea57d",
        "version" : "2.0.0"
      }
    }
  ],
  "version" : 3
}
